
Microsoft Visual Studio Solution File, Format Version 12.00
# Visual Studio Version 17
VisualStudioVersion = 17.13.35818.85 d17.13
MinimumVisualStudioVersion = 10.0.40219.1
Project("{FAE04EC0-301F-11D3-BF4B-00C04F79EFBC}") = "ABC Algorithm", "ABC Algorithm\ABC Algorithm.csproj", "{227F1BBB-E10C-4277-BE97-222413B428B9}"
EndProject
Global
	GlobalSection(SolutionConfigurationPlatforms) = preSolution
		Debug|Any CPU = Debug|Any CPU
		Release|Any CPU = Release|Any CPU
	EndGlobalSection
	GlobalSection(ProjectConfigurationPlatforms) = postSolution
		{227F1BBB-E10C-4277-BE97-222413B428B9}.Debug|Any CPU.ActiveCfg = Debug|Any CPU
		{227F1BBB-E10C-4277-BE97-222413B428B9}.Debug|Any CPU.Build.0 = Debug|Any CPU
		{227F1BBB-E10C-4277-BE97-222413B428B9}.Release|Any CPU.ActiveCfg = Release|Any CPU
		{227F1BBB-E10C-4277-BE97-222413B428B9}.Release|Any CPU.Build.0 = Release|Any CPU
	EndGlobalSection
	GlobalSection(SolutionProperties) = preSolution
		HideSolutionNode = FALSE
	EndGlobalSection
	GlobalSection(ExtensibilityGlobals) = postSolution
		SolutionGuid = {9CF9119D-5CE9-4E07-B7AD-14CF769C4919}
	EndGlobalSection
EndGlobal
